
Microsoft Visual Studio Solution File, Format Version 12.00
# Visual Studio Version 16
VisualStudioVersion = 16.0.30104.148
MinimumVisualStudioVersion = 10.0.40219.1
Project("{FAE04EC0-301F-11D3-BF4B-00C04F79EFBC}") = "FitPlan", "FitPlan\FitPlan.csproj", "{FA4DFB7F-B8FE-4C42-89C1-F0A8E13E5DB9}"
EndProject
Global
	GlobalSection(SolutionConfigurationPlatforms) = preSolution
		Debug|Any CPU = Debug|Any CPU
		Release|Any CPU = Release|Any CPU
	EndGlobalSection
	GlobalSection(ProjectConfigurationPlatforms) = postSolution
		{FA4DFB7F-B8FE-4C42-89C1-F0A8E13E5DB9}.Debug|Any CPU.ActiveCfg = Debug|Any CPU
		{FA4DFB7F-B8FE-4C42-89C1-F0A8E13E5DB9}.Debug|Any CPU.Build.0 = Debug|Any CPU
		{FA4DFB7F-B8FE-4C42-89C1-F0A8E13E5DB9}.Release|Any CPU.ActiveCfg = Release|Any CPU
		{FA4DFB7F-B8FE-4C42-89C1-F0A8E13E5DB9}.Release|Any CPU.Build.0 = Release|Any CPU
	EndGlobalSection
	GlobalSection(SolutionProperties) = preSolution
		HideSolutionNode = FALSE
	EndGlobalSection
	GlobalSection(ExtensibilityGlobals) = postSolution
		SolutionGuid = {4DF86BED-DD1B-4F3A-B0EE-B7293F61356C}
	EndGlobalSection
EndGlobal
